
Microsoft Visual Studio Solution File, Format Version 12.00
# Visual Studio Version 17
VisualStudioVersion = 17.9.34616.47
MinimumVisualStudioVersion = 10.0.40219.1
Project("{FAE04EC0-301F-11D3-BF4B-00C04F79EFBC}") = "SquareDestructionGame", "SquareDestructionGame\SquareDestructionGame.csproj", "{ACB3E8B5-2090-4F90-B77B-3CC432149A4B}"
EndProject
Global
	GlobalSection(SolutionConfigurationPlatforms) = preSolution
		Debug|Any CPU = Debug|Any CPU
		Release|Any CPU = Release|Any CPU
	EndGlobalSection
	GlobalSection(ProjectConfigurationPlatforms) = postSolution
		{ACB3E8B5-2090-4F90-B77B-3CC432149A4B}.Debug|Any CPU.ActiveCfg = Debug|Any CPU
		{ACB3E8B5-2090-4F90-B77B-3CC432149A4B}.Debug|Any CPU.Build.0 = Debug|Any CPU
		{ACB3E8B5-2090-4F90-B77B-3CC432149A4B}.Release|Any CPU.ActiveCfg = Release|Any CPU
		{ACB3E8B5-2090-4F90-B77B-3CC432149A4B}.Release|Any CPU.Build.0 = Release|Any CPU
	EndGlobalSection
	GlobalSection(SolutionProperties) = preSolution
		HideSolutionNode = FALSE
	EndGlobalSection
	GlobalSection(ExtensibilityGlobals) = postSolution
		SolutionGuid = {E822E69B-399D-475B-88DD-01D41F62E0FC}
	EndGlobalSection
EndGlobal
